// !$*UTF8*$!
{
	archiveVersion = 1;
	classes = {
	};
	objectVersion = 50;
	objects = {

/* Begin PBXBuildFile section */
		15301DCE18DEFE686DDA3278 /* Pods_WhatFlower.framework in Frameworks */ = {isa = PBXBuildFile; fileRef = 3BADDCB157AE34482AE1EDD7 /* Pods_WhatFlower.framework */; };
		D56A1E80252C8FA800BA94D3 /* AppDelegate.swift in Sources */ = {isa = PBXBuildFile; fileRef = D56A1E7F252C8FA800BA94D3 /* AppDelegate.swift */; };
		D56A1E82252C8FA800BA94D3 /* SceneDelegate.swift in Sources */ = {isa = PBXBuildFile; fileRef = D56A1E81252C8FA800BA94D3 /* SceneDelegate.swift */; };
		D56A1E84252C8FA800BA94D3 /* ViewController.swift in Sources */ = {isa = PBXBuildFile; fileRef = D56A1E83252C8FA800BA94D3 /* ViewController.swift */; };
		D56A1E87252C8FA800BA94D3 /* Main.storyboard in Resources */ = {isa = PBXBuildFile; fileRef = D56A1E85252C8FA800BA94D3 /* Main.storyboard */; };
		D56A1E89252C8FA900BA94D3 /* Assets.xcassets in Resources */ = {isa = PBXBuildFile; fileRef = D56A1E88252C8FA900BA94D3 /* Assets.xcassets */; };
		D56A1E8C252C8FA900BA94D3 /* LaunchScreen.storyboard in Resources */ = {isa = PBXBuildFile; fileRef = D56A1E8A252C8FA900BA94D3 /* LaunchScreen.storyboard */; };
		D56A1E95252C8FCC00BA94D3 /* FlowerClassifier.mlmodel in Sources */ = {isa = PBXBuildFile; fileRef = D56A1E94252C8FCC00BA94D3 /* FlowerClassifier.mlmodel */; };
/* End PBXBuildFile section */

/* Begin PBXFileReference section */
		3BADDCB157AE34482AE1EDD7 /* Pods_WhatFlower.framework */ = {isa = PBXFileReference; explicitFileType = wrapper.framework; includeInIndex = 0; path = Pods_WhatFlower.framework; sourceTree = BUILT_PRODUCTS_DIR; };
		689597A4A6739E64A3354B2E /* Pods-WhatFlower.release.xcconfig */ = {isa = PBXFileReference; includeInIndex = 1; lastKnownFileType = text.xcconfig; name = "Pods-WhatFlower.release.xcconfig"; path = "Target Support Files/Pods-WhatFlower/Pods-WhatFlower.release.xcconfig"; sourceTree = "<group>"; };
		C2886B80F19B0269722F2B27 /* Pods-WhatFlower.debug.xcconfig */ = {isa = PBXFileReference; includeInIndex = 1; lastKnownFileType = text.xcconfig; name = "Pods-WhatFlower.debug.xcconfig"; path = "Target Support Files/Pods-WhatFlower/Pods-WhatFlower.debug.xcconfig"; sourceTree = "<group>"; };
		D56A1E7C252C8FA800BA94D3 /* WhatFlower.app */ = {isa = PBXFileReference; explicitFileType = wrapper.application; includeInIndex = 0; path = WhatFlower.app; sourceTree = BUILT_PRODUCTS_DIR; };
		D56A1E7F252C8FA800BA94D3 /* AppDelegate.swift */ = {isa = PBXFileReference; lastKnownFileType = sourcecode.swift; path = AppDelegate.swift; sourceTree = "<group>"; };
		D56A1E81252C8FA800BA94D3 /* SceneDelegate.swift */ = {isa = PBXFileReference; lastKnownFileType = sourcecode.swift; path = SceneDelegate.swift; sourceTree = "<group>"; };
		D56A1E83252C8FA800BA94D3 /* ViewController.swift */ = {isa = PBXFileReference; lastKnownFileType = sourcecode.swift; path = ViewController.swift; sourceTree = "<group>"; };
		D56A1E86252C8FA800BA94D3 /* Base */ = {isa = PBXFileReference; lastKnownFileType = file.storyboard; name = Base; path = Base.lproj/Main.storyboard; sourceTree = "<group>"; };
		D56A1E88252C8FA900BA94D3 /* Assets.xcassets */ = {isa = PBXFileReference; lastKnownFileType = folder.assetcatalog; path = Assets.xcassets; sourceTree = "<group>"; };
		D56A1E8B252C8FA900BA94D3 /* Base */ = {isa = PBXFileReference; lastKnownFileType = file.storyboard; name = Base; path = Base.lproj/LaunchScreen.storyboard; sourceTree = "<group>"; };
		D56A1E8D252C8FA900BA94D3 /* Info.plist */ = {isa = PBXFileReference; lastKnownFileType = text.plist.xml; path = Info.plist; sourceTree = "<group>"; };
		D56A1E94252C8FCC00BA94D3 /* FlowerClassifier.mlmodel */ = {isa = PBXFileReference; lastKnownFileType = file.mlmodel; path = FlowerClassifier.mlmodel; sourceTree = "<group>"; };
/* End PBXFileReference section */

/* Begin PBXFrameworksBuildPhase section */
		D56A1E79252C8FA800BA94D3 /* Frameworks */ = {
			isa = PBXFrameworksBuildPhase;
			buildActionMask = 2147483647;
			files = (
				15301DCE18DEFE686DDA3278 /* Pods_WhatFlower.framework in Frameworks */,
			);
			runOnlyForDeploymentPostprocessing = 0;
		};
/* End PBXFrameworksBuildPhase section */

/* Begin PBXGroup section */
		44BC96294199BBD83FB761CB /* Frameworks */ = {
			isa = PBXGroup;
			children = (
				3BADDCB157AE34482AE1EDD7 /* Pods_WhatFlower.framework */,
			);
			name = Frameworks;
			sourceTree = "<group>";
		};
		97324C6347A4176EEFE83CD6 /* Pods */ = {
			isa = PBXGroup;
			children = (
				C2886B80F19B0269722F2B27 /* Pods-WhatFlower.debug.xcconfig */,
				689597A4A6739E64A3354B2E /* Pods-WhatFlower.release.xcconfig */,
			);
			name = Pods;
			path = Pods;
			sourceTree = "<group>";
		};
		D56A1E73252C8FA800BA94D3 = {
			isa = PBXGroup;
			children = (
				D56A1E7E252C8FA800BA94D3 /* WhatFlower */,
				D56A1E7D252C8FA800BA94D3 /* Products */,
				97324C6347A4176EEFE83CD6 /* Pods */,
				44BC96294199BBD83FB761CB /* Frameworks */,
			);
			sourceTree = "<group>";
		};
		D56A1E7D252C8FA800BA94D3 /* Products */ = {
			isa = PBXGroup;
			children = (
				D56A1E7C252C8FA800BA94D3 /* WhatFlower.app */,
			);
			name = Products;
			sourceTree = "<group>";
		};
		D56A1E7E252C8FA800BA94D3 /* WhatFlower */ = {
			isa = PBXGroup;
			children = (
				D56A1E7F252C8FA800BA94D3 /* AppDelegate.swift */,
				D56A1E81252C8FA800BA94D3 /* SceneDelegate.swift */,
				D56A1E83252C8FA800BA94D3 /* ViewController.swift */,
				D56A1E85252C8FA800BA94D3 /* Main.storyboard */,
				D56A1E88252C8FA900BA94D3 /* Assets.xcassets */,
				D56A1E8A252C8FA900BA94D3 /* LaunchScreen.storyboard */,
				D56A1E8D252C8FA900BA94D3 /* Info.plist */,
				D56A1E94252C8FCC00BA94D3 /* FlowerClassifier.mlmodel */,
			);
			path = WhatFlower;
			sourceTree = "<group>";
		};
/* End PBXGroup section */

/* Begin PBXNativeTarget section */
		D56A1E7B252C8FA800BA94D3 /* WhatFlower */ = {
			isa = PBXNativeTarget;
			buildConfigurationList = D56A1E90252C8FA900BA94D3 /* Build configuration list for PBXNativeTarget "WhatFlower" */;
			buildPhases = (
				C30202BC349ADC14B762B31F /* [CP] Check Pods Manifest.lock */,
				D56A1E78252C8FA800BA94D3 /* Sources */,
				D56A1E79252C8FA800BA94D3 /* Frameworks */,
				D56A1E7A252C8FA800BA94D3 /* Resources */,
				0AE288ADEA2D3C023815E696 /* [CP] Embed Pods Frameworks */,
			);
			buildRules = (
			);
			dependencies = (
			);
			name = WhatFlower;
			productName = WhatFlower;
			productReference = D56A1E7C252C8FA800BA94D3 /* WhatFlower.app */;
			productType = "com.apple.product-type.application";
		};
/* End PBXNativeTarget section */

/* Begin PBXProject section */
		D56A1E74252C8FA800BA94D3 /* Project object */ = {
			isa = PBXProject;
			attributes = {
				LastSwiftUpdateCheck = 1200;
				LastUpgradeCheck = 1200;
				TargetAttributes = {
					D56A1E7B252C8FA800BA94D3 = {
						CreatedOnToolsVersion = 12.0.1;
					};
				};
			};
			buildConfigurationList = D56A1E77252C8FA800BA94D3 /* Build configuration list for PBXProject "WhatFlower" */;
			compatibilityVersion = "Xcode 9.3";
			developmentRegion = en;
			hasScannedForEncodings = 0;
			knownRegions = (
				en,
				Base,
			);
			mainGroup = D56A1E73252C8FA800BA94D3;
			productRefGroup = D56A1E7D252C8FA800BA94D3 /* Products */;
			projectDirPath = "";
			projectRoot = "";
			targets = (
				D56A1E7B252C8FA800BA94D3 /* WhatFlower */,
			);
		};
/* End PBXProject section */

/* Begin PBXResourcesBuildPhase section */
		D56A1E7A252C8FA800BA94D3 /* Resources */ = {
			isa = PBXResourcesBuildPhase;
			buildActionMask = 2147483647;
			files = (
				D56A1E8C252C8FA900BA94D3 /* LaunchScreen.storyboard in Resources */,
				D56A1E89252C8FA900BA94D3 /* Assets.xcassets in Resources */,
				D56A1E87252C8FA800BA94D3 /* Main.storyboard in Resources */,
			);
			runOnlyForDeploymentPostprocessing = 0;
		};
/* End PBXResourcesBuildPhase section */

/* Begin PBXShellScriptBuildPhase section */
		0AE288ADEA2D3C023815E696 /* [CP] Embed Pods Frameworks */ = {
			isa = PBXShellScriptBuildPhase;
			buildActionMask = 2147483647;
			files = (
			);
			inputFileListPaths = (
				"${PODS_ROOT}/Target Support Files/Pods-WhatFlower/Pods-WhatFlower-frameworks-${CONFIGURATION}-input-files.xcfilelist",
			);
			name = "[CP] Embed Pods Frameworks";
			outputFileListPaths = (
				"${PODS_ROOT}/Target Support Files/Pods-WhatFlower/Pods-WhatFlower-frameworks-${CONFIGURATION}-output-files.xcfilelist",
			);
			runOnlyForDeploymentPostprocessing = 0;
			shellPath = /bin/sh;
			shellScript = "\"${PODS_ROOT}/Target Support Files/Pods-WhatFlower/Pods-WhatFlower-frameworks.sh\"\n";
			showEnvVarsInLog = 0;
		};
		C30202BC349ADC14B762B31F /* [CP] Check Pods Manifest.lock */ = {
			isa = PBXShellScriptBuildPhase;
			buildActionMask = 2147483647;
			files = (
			);
			inputFileListPaths = (
			);
			inputPaths = (
				"${PODS_PODFILE_DIR_PATH}/Podfile.lock",
				"${PODS_ROOT}/Manifest.lock",
			);
			name = "[CP] Check Pods Manifest.lock";
			outputFileListPaths = (
			);
			outputPaths = (
				"$(DERIVED_FILE_DIR)/Pods-WhatFlower-checkManifestLockResult.txt",
			);
			runOnlyForDeploymentPostprocessing = 0;
			shellPath = /bin/sh;
			shellScript = "diff \"${PODS_PODFILE_DIR_PATH}/Podfile.lock\" \"${PODS_ROOT}/Manifest.lock\" > /dev/null\nif [ $? != 0 ] ; then\n    # print error to STDERR\n    echo \"error: The sandbox is not in sync with the Podfile.lock. Run 'pod install' or update your CocoaPods installation.\" >&2\n    exit 1\nfi\n# This output is used by Xcode 'outputs' to avoid re-running this script phase.\necho \"SUCCESS\" > \"${SCRIPT_OUTPUT_FILE_0}\"\n";
			showEnvVarsInLog = 0;
		};
/* End PBXShellScriptBuildPhase section */

/* Begin PBXSourcesBuildPhase section */
		D56A1E78252C8FA800BA94D3 /* Sources */ = {
			isa = PBXSourcesBuildPhase;
			buildActionMask = 2147483647;
			files = (
				D56A1E95252C8FCC00BA94D3 /* FlowerClassifier.mlmodel in Sources */,
				D56A1E84252C8FA800BA94D3 /* ViewController.swift in Sources */,
				D56A1E80252C8FA800BA94D3 /* AppDelegate.swift in Sources */,
				D56A1E82252C8FA800BA94D3 /* SceneDelegate.swift in Sources */,
			);
			runOnlyForDeploymentPostprocessing = 0;
		};
/* End PBXSourcesBuildPhase section */

/* Begin PBXVariantGroup section */
		D56A1E85252C8FA800BA94D3 /* Main.storyboard */ = {
			isa = PBXVariantGroup;
			children = (
				D56A1E86252C8FA800BA94D3 /* Base */,
			);
			name = Main.storyboard;
			sourceTree = "<group>";
		};
		D56A1E8A252C8FA900BA94D3 /* LaunchScreen.storyboard */ = {
			isa = PBXVariantGroup;
			children = (
				D56A1E8B252C8FA900BA94D3 /* Base */,
			);
			name = LaunchScreen.storyboard;
			sourceTree = "<group>";
		};
/* End PBXVariantGroup section */

/* Begin XCBuildConfiguration section */
		D56A1E8E252C8FA900BA94D3 /* Debug */ = {
			isa = XCBuildConfiguration;
			buildSettings = {
				ALWAYS_SEARCH_USER_PATHS = NO;
				CLANG_ANALYZER_NONNULL = YES;
				CLANG_ANALYZER_NUMBER_OBJECT_CONVERSION = YES_AGGRESSIVE;
				CLANG_CXX_LANGUAGE_STANDARD = "gnu++14";
				CLANG_CXX_LIBRARY = "libc++";
				CLANG_ENABLE_MODULES = YES;
				CLANG_ENABLE_OBJC_ARC = YES;
				CLANG_ENABLE_OBJC_WEAK = YES;
				CLANG_WARN_BLOCK_CAPTURE_AUTORELEASING = YES;
				CLANG_WARN_BOOL_CONVERSION = YES;
				CLANG_WARN_COMMA = YES;
				CLANG_WARN_CONSTANT_CONVERSION = YES;
				CLANG_WARN_DEPRECATED_OBJC_IMPLEMENTATIONS = YES;
				CLANG_WARN_DIRECT_OBJC_ISA_USAGE = YES_ERROR;
				CLANG_WARN_DOCUMENTATION_COMMENTS = YES;
				CLANG_WARN_EMPTY_BODY = YES;
				CLANG_WARN_ENUM_CONVERSION = YES;
				CLANG_WARN_INFINITE_RECURSION = YES;
				CLANG_WARN_INT_CONVERSION = YES;
				CLANG_WARN_NON_LITERAL_NULL_CONVERSION = YES;
				CLANG_WARN_OBJC_IMPLICIT_RETAIN_SELF = YES;
				CLANG_WARN_OBJC_LITERAL_CONVERSION = YES;
				CLANG_WARN_OBJC_ROOT_CLASS = YES_ERROR;
				CLANG_WARN_QUOTED_INCLUDE_IN_FRAMEWORK_HEADER = YES;
				CLANG_WARN_RANGE_LOOP_ANALYSIS = YES;
				CLANG_WARN_STRICT_PROTOTYPES = YES;
				CLANG_WARN_SUSPICIOUS_MOVE = YES;
				CLANG_WARN_UNGUARDED_AVAILABILITY = YES_AGGRESSIVE;
				CLANG_WARN_UNREACHABLE_CODE = YES;
				CLANG_WARN__DUPLICATE_METHOD_MATCH = YES;
				COPY_PHASE_STRIP = NO;
				DEBUG_INFORMATION_FORMAT = dwarf;
				ENABLE_STRICT_OBJC_MSGSEND = YES;
				ENABLE_TESTABILITY = YES;
				GCC_C_LANGUAGE_STANDARD = gnu11;
				GCC_DYNAMIC_NO_PIC = NO;
				GCC_NO_COMMON_BLOCKS = YES;
				GCC_OPTIMIZATION_LEVEL = 0;
				GCC_PREPROCESSOR_DEFINITIONS = (
					"DEBUG=1",
					"$(inherited)",
				);
				GCC_WARN_64_TO_32_BIT_CONVERSION = YES;
				GCC_WARN_ABOUT_RETURN_TYPE = YES_ERROR;
				GCC_WARN_UNDECLARED_SELECTOR = YES;
				GCC_WARN_UNINITIALIZED_AUTOS = YES_AGGRESSIVE;
				GCC_WARN_UNUSED_FUNCTION = YES;
				GCC_WARN_UNUSED_VARIABLE = YES;
				IPHONEOS_DEPLOYMENT_TARGET = 14.0;
				MTL_ENABLE_DEBUG_INFO = INCLUDE_SOURCE;
				MTL_FAST_MATH = YES;
				ONLY_ACTIVE_ARCH = YES;
				SDKROOT = iphoneos;
				SWIFT_ACTIVE_COMPILATION_CONDITIONS = DEBUG;
				SWIFT_OPTIMIZATION_LEVEL = "-Onone";
			};
			name = Debug;
		};
		D56A1E8F252C8FA900BA94D3 /* Release */ = {
			isa = XCBuildConfiguration;
			buildSettings = {
				ALWAYS_SEARCH_USER_PATHS = NO;
				CLANG_ANALYZER_NONNULL = YES;
				CLANG_ANALYZER_NUMBER_OBJECT_CONVERSION = YES_AGGRESSIVE;
				CLANG_CXX_LANGUAGE_STANDARD = "gnu++14";
				CLANG_CXX_LIBRARY = "libc++";
				CLANG_ENABLE_MODULES = YES;
				CLANG_ENABLE_OBJC_ARC = YES;
				CLANG_ENABLE_OBJC_WEAK = YES;
				CLANG_WARN_BLOCK_CAPTURE_AUTORELEASING = YES;
				CLANG_WARN_BOOL_CONVERSION = YES;
				CLANG_WARN_COMMA = YES;
				CLANG_WARN_CONSTANT_CONVERSION = YES;
				CLANG_WARN_DEPRECATED_OBJC_IMPLEMENTATIONS = YES;
				CLANG_WARN_DIRECT_OBJC_ISA_USAGE = YES_ERROR;
				CLANG_WARN_DOCUMENTATION_COMMENTS = YES;
				CLANG_WARN_EMPTY_BODY = YES;
				CLANG_WARN_ENUM_CONVERSION = YES;
				CLANG_WARN_INFINITE_RECURSION = YES;
				CLANG_WARN_INT_CONVERSION = YES;
				CLANG_WARN_NON_LITERAL_NULL_CONVERSION = YES;
				CLANG_WARN_OBJC_IMPLICIT_RETAIN_SELF = YES;
				CLANG_WARN_OBJC_LITERAL_CONVERSION = YES;
				CLANG_WARN_OBJC_ROOT_CLASS = YES_ERROR;
				CLANG_WARN_QUOTED_INCLUDE_IN_FRAMEWORK_HEADER = YES;
				CLANG_WARN_RANGE_LOOP_ANALYSIS = YES;
				CLANG_WARN_STRICT_PROTOTYPES = YES;
				CLANG_WARN_SUSPICIOUS_MOVE = YES;
				CLANG_WARN_UNGUARDED_AVAILABILITY = YES_AGGRESSIVE;
				CLANG_WARN_UNREACHABLE_CODE = YES;
				CLANG_WARN__DUPLICATE_METHOD_MATCH = YES;
				COPY_PHASE_STRIP = NO;
				DEBUG_INFORMATION_FORMAT = "dwarf-with-dsym";
				ENABLE_NS_ASSERTIONS = NO;
				ENABLE_STRICT_OBJC_MSGSEND = YES;
				GCC_C_LANGUAGE_STANDARD = gnu11;
				GCC_NO_COMMON_BLOCKS = YES;
				GCC_WARN_64_TO_32_BIT_CONVERSION = YES;
				GCC_WARN_ABOUT_RETURN_TYPE = YES_ERROR;
				GCC_WARN_UNDECLARED_SELECTOR = YES;
				GCC_WARN_UNINITIALIZED_AUTOS = YES_AGGRESSIVE;
				GCC_WARN_UNUSED_FUNCTION = YES;
				GCC_WARN_UNUSED_VARIABLE = YES;
				IPHONEOS_DEPLOYMENT_TARGET = 14.0;
				MTL_ENABLE_DEBUG_INFO = NO;
				MTL_FAST_MATH = YES;
				SDKROOT = iphoneos;
				SWIFT_COMPILATION_MODE = wholemodule;
				SWIFT_OPTIMIZATION_LEVEL = "-O";
				VALIDATE_PRODUCT = YES;
			};
			name = Release;
		};
		D56A1E91252C8FA900BA94D3 /* Debug */ = {
			isa = XCBuildConfiguration;
			baseConfigurationReference = C2886B80F19B0269722F2B27 /* Pods-WhatFlower.debug.xcconfig */;
			buildSettings = {
				ASSETCATALOG_COMPILER_APPICON_NAME = AppIcon;
				ASSETCATALOG_COMPILER_GLOBAL_ACCENT_COLOR_NAME = AccentColor;
				CODE_SIGN_STYLE = Automatic;
				DEVELOPMENT_TEAM = 6AD2RY8S5T;
				INFOPLIST_FILE = WhatFlower/Info.plist;
				LD_RUNPATH_SEARCH_PATHS = (
					"$(inherited)",
					"@executable_path/Frameworks",
				);
				PRODUCT_BUNDLE_IDENTIFIER = com.Darshil.WhatFlower;
				PRODUCT_NAME = "$(TARGET_NAME)";
				SWIFT_VERSION = 5.0;
				TARGETED_DEVICE_FAMILY = "1,2";
			};
			name = Debug;
		};
		D56A1E92252C8FA900BA94D3 /* Release */ = {
			isa = XCBuildConfiguration;
			baseConfigurationReference = 689597A4A6739E64A3354B2E /* Pods-WhatFlower.release.xcconfig */;
			buildSettings = {
				ASSETCATALOG_COMPILER_APPICON_NAME = AppIcon;
				ASSETCATALOG_COMPILER_GLOBAL_ACCENT_COLOR_NAME = AccentColor;
				CODE_SIGN_STYLE = Automatic;
				DEVELOPMENT_TEAM = 6AD2RY8S5T;
				INFOPLIST_FILE = WhatFlower/Info.plist;
				LD_RUNPATH_SEARCH_PATHS = (
					"$(inherited)",
					"@executable_path/Frameworks",
				);
				PRODUCT_BUNDLE_IDENTIFIER = com.Darshil.WhatFlower;
				PRODUCT_NAME = "$(TARGET_NAME)";
				SWIFT_VERSION = 5.0;
				TARGETED_DEVICE_FAMILY = "1,2";
			};
			name = Release;
		};
/* End XCBuildConfiguration section */

/* Begin XCConfigurationList section */
		D56A1E77252C8FA800BA94D3 /* Build configuration list for PBXProject "WhatFlower" */ = {
			isa = XCConfigurationList;
			buildConfigurations = (
				D56A1E8E252C8FA900BA94D3 /* Debug */,
				D56A1E8F252C8FA900BA94D3 /* Release */,
			);
			defaultConfigurationIsVisible = 0;
			defaultConfigurationName = Release;
		};
		D56A1E90252C8FA900BA94D3 /* Build configuration list for PBXNativeTarget "WhatFlower" */ = {
			isa = XCConfigurationList;
			buildConfigurations = (
				D56A1E91252C8FA900BA94D3 /* Debug */,
				D56A1E92252C8FA900BA94D3 /* Release */,
			);
			defaultConfigurationIsVisible = 0;
			defaultConfigurationName = Release;
		};
/* End XCConfigurationList section */
	};
	rootObject = D56A1E74252C8FA800BA94D3 /* Project object */;
}
